
Microsoft Visual Studio Solution File, Format Version 12.00
# Visual Studio Version 17
VisualStudioVersion = 17.6.33829.357
MinimumVisualStudioVersion = 10.0.40219.1
Project("{FAE04EC0-301F-11D3-BF4B-00C04F79EFBC}") = "Session6", "Session6\Session6.csproj", "{38692399-D72B-4A57-B1D6-028C5B807042}"
EndProject
Global
	GlobalSection(SolutionConfigurationPlatforms) = preSolution
		Debug|Any CPU = Debug|Any CPU
		Release|Any CPU = Release|Any CPU
	EndGlobalSection
	GlobalSection(ProjectConfigurationPlatforms) = postSolution
		{38692399-D72B-4A57-B1D6-028C5B807042}.Debug|Any CPU.ActiveCfg = Debug|Any CPU
		{38692399-D72B-4A57-B1D6-028C5B807042}.Debug|Any CPU.Build.0 = Debug|Any CPU
		{38692399-D72B-4A57-B1D6-028C5B807042}.Release|Any CPU.ActiveCfg = Release|Any CPU
		{38692399-D72B-4A57-B1D6-028C5B807042}.Release|Any CPU.Build.0 = Release|Any CPU
	EndGlobalSection
	GlobalSection(SolutionProperties) = preSolution
		HideSolutionNode = FALSE
	EndGlobalSection
	GlobalSection(ExtensibilityGlobals) = postSolution
		SolutionGuid = {509B8F81-DF80-4136-B136-8BB2F793563B}
	EndGlobalSection
EndGlobal
